
Microsoft Visual Studio Solution File, Format Version 11.00
# Visual Studio 2010
# SharpDevelop 5.0
Project("{2150E333-8FDC-42A3-9474-1A3956D46DE8}") = "Solution Items", "Solution Items", "{3CC5EED5-7BF3-4F9E-B384-947657A7AD48}"
	ProjectSection(SolutionItems) = preProject
		pom.xml = pom.xml
		elevate\pom.xml = elevate\pom.xml
		elevate-common\pom.xml = elevate-common\pom.xml
		elevate-mklink\pom.xml = elevate-mklink\pom.xml
	EndProjectSection
EndProject
Project("{FAE04EC0-301F-11D3-BF4B-00C04F79EFBC}") = "elevate", "elevate\elevate.csproj", "{6B8C8413-752D-40EC-A57E-47C23C020B4F}"
EndProject
Project("{FAE04EC0-301F-11D3-BF4B-00C04F79EFBC}") = "elevate-common", "elevate-common\elevate-common.csproj", "{8A96E57C-8F4E-4527-B109-BFD38FAC0691}"
EndProject
Project("{FAE04EC0-301F-11D3-BF4B-00C04F79EFBC}") = "elevate-mklink", "elevate-mklink\elevate-mklink.csproj", "{FD186F0B-FF8E-4E94-B29E-0205B2DB841E}"
EndProject
Global
	GlobalSection(SolutionConfigurationPlatforms) = preSolution
		Debug|Any CPU = Debug|Any CPU
		Release|Any CPU = Release|Any CPU
	EndGlobalSection
	GlobalSection(ProjectConfigurationPlatforms) = postSolution
		{6B8C8413-752D-40EC-A57E-47C23C020B4F}.Debug|Any CPU.ActiveCfg = Debug|Any CPU
		{6B8C8413-752D-40EC-A57E-47C23C020B4F}.Debug|Any CPU.Build.0 = Debug|Any CPU
		{6B8C8413-752D-40EC-A57E-47C23C020B4F}.Release|Any CPU.ActiveCfg = Release|Any CPU
		{6B8C8413-752D-40EC-A57E-47C23C020B4F}.Release|Any CPU.Build.0 = Release|Any CPU
		{8A96E57C-8F4E-4527-B109-BFD38FAC0691}.Debug|Any CPU.ActiveCfg = Debug|Any CPU
		{8A96E57C-8F4E-4527-B109-BFD38FAC0691}.Debug|Any CPU.Build.0 = Debug|Any CPU
		{8A96E57C-8F4E-4527-B109-BFD38FAC0691}.Release|Any CPU.ActiveCfg = Release|Any CPU
		{8A96E57C-8F4E-4527-B109-BFD38FAC0691}.Release|Any CPU.Build.0 = Release|Any CPU
		{FD186F0B-FF8E-4E94-B29E-0205B2DB841E}.Debug|Any CPU.ActiveCfg = Debug|Any CPU
		{FD186F0B-FF8E-4E94-B29E-0205B2DB841E}.Debug|Any CPU.Build.0 = Debug|Any CPU
		{FD186F0B-FF8E-4E94-B29E-0205B2DB841E}.Release|Any CPU.ActiveCfg = Release|Any CPU
		{FD186F0B-FF8E-4E94-B29E-0205B2DB841E}.Release|Any CPU.Build.0 = Release|Any CPU
	EndGlobalSection
EndGlobal
